
Microsoft Visual Studio Solution File, Format Version 12.00
# Visual Studio Version 17
VisualStudioVersion = 17.14.36414.22
MinimumVisualStudioVersion = 10.0.40219.1
Project("{FAE04EC0-301F-11D3-BF4B-00C04F79EFBC}") = "MarquitoUtils.ApiPortal", "MarquitoUtils.ApiPortal\MarquitoUtils.ApiPortal.csproj", "{085058DC-24C0-4552-B34E-B9B8DB96C538}"
EndProject
Project("{FAE04EC0-301F-11D3-BF4B-00C04F79EFBC}") = "MarquitoUtils.Main", "..\MarquitoUtils.Main\MarquitoUtils.Main\MarquitoUtils.Main.csproj", "{B9274BF4-5AB5-529E-2706-4536CA9B8211}"
EndProject
Global
	GlobalSection(SolutionConfigurationPlatforms) = preSolution
		Debug|Any CPU = Debug|Any CPU
		Release|Any CPU = Release|Any CPU
	EndGlobalSection
	GlobalSection(ProjectConfigurationPlatforms) = postSolution
		{085058DC-24C0-4552-B34E-B9B8DB96C538}.Debug|Any CPU.ActiveCfg = Debug|Any CPU
		{085058DC-24C0-4552-B34E-B9B8DB96C538}.Debug|Any CPU.Build.0 = Debug|Any CPU
		{085058DC-24C0-4552-B34E-B9B8DB96C538}.Release|Any CPU.ActiveCfg = Release|Any CPU
		{085058DC-24C0-4552-B34E-B9B8DB96C538}.Release|Any CPU.Build.0 = Release|Any CPU
		{B9274BF4-5AB5-529E-2706-4536CA9B8211}.Debug|Any CPU.ActiveCfg = Debug|Any CPU
		{B9274BF4-5AB5-529E-2706-4536CA9B8211}.Debug|Any CPU.Build.0 = Debug|Any CPU
		{B9274BF4-5AB5-529E-2706-4536CA9B8211}.Release|Any CPU.ActiveCfg = Release|Any CPU
		{B9274BF4-5AB5-529E-2706-4536CA9B8211}.Release|Any CPU.Build.0 = Release|Any CPU
	EndGlobalSection
	GlobalSection(SolutionProperties) = preSolution
		HideSolutionNode = FALSE
	EndGlobalSection
	GlobalSection(ExtensibilityGlobals) = postSolution
		SolutionGuid = {26F4F420-7A43-45D7-BC70-4BC737064AEC}
	EndGlobalSection
EndGlobal
